PODS:
  - MBProgressHUD (1.1.0)
  - YXTemplate (1.0.1):
    - MBProgressHUD (~> 1.1.0)

DEPENDENCIES:
  - YXTemplate (from `../`)

SPEC REPOS:
  https://github.com/cocoapods/specs.git:
    - MBProgressHUD

EXTERNAL SOURCES:
  YXTemplate:
    :path: "../"

SPEC CHECKSUMS:
  MBProgressHUD: e7baa36a220447d8aeb12769bf0585582f3866d9
  YXTemplate: 008412857a4eff5ae28f772a828a0c18cefe89b3

PODFILE CHECKSUM: 5920b5632cd2129636e3871ae5cf9a16a730feb9

COCOAPODS: 1.6.1
